
Microsoft Visual Studio Solution File, Format Version 12.00
# Visual Studio Version 16
VisualStudioVersion = 16.0.32228.343
MinimumVisualStudioVersion = 10.0.40219.1
Project("{FAE04EC0-301F-11D3-BF4B-00C04F79EFBC}") = "Bulldozer", "Bulldozer\Bulldozer.csproj", "{19BE40B1-7B24-4EEA-B702-7741925FE882}"
EndProject
Global
	GlobalSection(SolutionConfigurationPlatforms) = preSolution
		Debug|Any CPU = Debug|Any CPU
		Release|Any CPU = Release|Any CPU
	EndGlobalSection
	GlobalSection(ProjectConfigurationPlatforms) = postSolution
		{19BE40B1-7B24-4EEA-B702-7741925FE882}.Debug|Any CPU.ActiveCfg = Debug|Any CPU
		{19BE40B1-7B24-4EEA-B702-7741925FE882}.Debug|Any CPU.Build.0 = Debug|Any CPU
		{19BE40B1-7B24-4EEA-B702-7741925FE882}.Release|Any CPU.ActiveCfg = Release|Any CPU
		{19BE40B1-7B24-4EEA-B702-7741925FE882}.Release|Any CPU.Build.0 = Release|Any CPU
	EndGlobalSection
	GlobalSection(SolutionProperties) = preSolution
		HideSolutionNode = FALSE
	EndGlobalSection
	GlobalSection(ExtensibilityGlobals) = postSolution
		SolutionGuid = {985D6121-9848-44DA-A12D-B5320CCBE39A}
	EndGlobalSection
EndGlobal
